
Microsoft Visual Studio Solution File, Format Version 12.00
# Visual Studio Version 17
VisualStudioVersion = 17.10.35004.147
MinimumVisualStudioVersion = 10.0.40219.1
Project("{FAE04EC0-301F-11D3-BF4B-00C04F79EFBC}") = "NewsPaginationAndFiltering", "NewsPaginationAndFiltering\NewsPaginationAndFiltering.csproj", "{E95C438C-3426-44D4-B833-3237A524DE54}"
EndProject
Project("{FAE04EC0-301F-11D3-BF4B-00C04F79EFBC}") = "DAL", "DAL\DAL.csproj", "{603E36C5-D8FA-4919-AD2D-9D8215F1D42F}"
EndProject
Project("{FAE04EC0-301F-11D3-BF4B-00C04F79EFBC}") = "BLL", "BLL\BLL.csproj", "{187E5748-5040-43C2-9516-ADCB6A766645}"
EndProject
Global
	GlobalSection(SolutionConfigurationPlatforms) = preSolution
		Debug|Any CPU = Debug|Any CPU
		Release|Any CPU = Release|Any CPU
	EndGlobalSection
	GlobalSection(ProjectConfigurationPlatforms) = postSolution
		{E95C438C-3426-44D4-B833-3237A524DE54}.Debug|Any CPU.ActiveCfg = Debug|Any CPU
		{E95C438C-3426-44D4-B833-3237A524DE54}.Debug|Any CPU.Build.0 = Debug|Any CPU
		{E95C438C-3426-44D4-B833-3237A524DE54}.Release|Any CPU.ActiveCfg = Release|Any CPU
		{E95C438C-3426-44D4-B833-3237A524DE54}.Release|Any CPU.Build.0 = Release|Any CPU
		{603E36C5-D8FA-4919-AD2D-9D8215F1D42F}.Debug|Any CPU.ActiveCfg = Debug|Any CPU
		{603E36C5-D8FA-4919-AD2D-9D8215F1D42F}.Debug|Any CPU.Build.0 = Debug|Any CPU
		{603E36C5-D8FA-4919-AD2D-9D8215F1D42F}.Release|Any CPU.ActiveCfg = Release|Any CPU
		{603E36C5-D8FA-4919-AD2D-9D8215F1D42F}.Release|Any CPU.Build.0 = Release|Any CPU
		{187E5748-5040-43C2-9516-ADCB6A766645}.Debug|Any CPU.ActiveCfg = Debug|Any CPU
		{187E5748-5040-43C2-9516-ADCB6A766645}.Debug|Any CPU.Build.0 = Debug|Any CPU
		{187E5748-5040-43C2-9516-ADCB6A766645}.Release|Any CPU.ActiveCfg = Release|Any CPU
		{187E5748-5040-43C2-9516-ADCB6A766645}.Release|Any CPU.Build.0 = Release|Any CPU
	EndGlobalSection
	GlobalSection(SolutionProperties) = preSolution
		HideSolutionNode = FALSE
	EndGlobalSection
	GlobalSection(ExtensibilityGlobals) = postSolution
		SolutionGuid = {91C00A4C-8FF3-4190-9808-EBB651EC96A4}
	EndGlobalSection
EndGlobal
